
Microsoft Visual Studio Solution File, Format Version 12.00
# Visual Studio Version 16
VisualStudioVersion = 16.0.809.10
MinimumVisualStudioVersion = 10.0.40219.1
Project("{FAE04EC0-301F-11D3-BF4B-00C04F79EFBC}") = "EPlusActivities.API", "EPlusActivities.API\EPlusActivities.API.csproj", "{FD51889D-4D21-44D2-B86E-814B7F0E30B0}"
EndProject
Project("{E53339B2-1760-4266-BCC7-CA923CBCF16C}") = "docker-compose", "docker-compose.dcproj", "{97D75F0A-6C17-4E40-A914-3B1921CB49C7}"
EndProject
Project("{FAE04EC0-301F-11D3-BF4B-00C04F79EFBC}") = "FileService", "FileService\FileService.csproj", "{6E06E77F-D81C-4FF1-A933-156CE4B06C14}"
EndProject
Project("{D954291E-2A0B-460D-934E-DC6B0785DB48}") = "SharedRescourse", "SharedRescourse\SharedRescourse.shproj", "{CB6ADC7E-F716-4285-A774-9BE4B80F6BCA}"
EndProject
Global
	GlobalSection(SolutionProperties) = preSolution
		HideSolutionNode = FALSE
	EndGlobalSection
	GlobalSection(ExtensibilityGlobals) = postSolution
		SolutionGuid = {284578BC-1736-4B4C-B87D-BFAC7D936A10}
	EndGlobalSection
	GlobalSection(SolutionConfigurationPlatforms) = preSolution
		Debug|Any CPU = Debug|Any CPU
		Debug|x64 = Debug|x64
		Debug|x86 = Debug|x86
		Release|Any CPU = Release|Any CPU
		Release|x64 = Release|x64
		Release|x86 = Release|x86
	EndGlobalSection
	GlobalSection(ProjectConfigurationPlatforms) = postSolution
		{FD51889D-4D21-44D2-B86E-814B7F0E30B0}.Debug|Any CPU.ActiveCfg = Debug|Any CPU
		{FD51889D-4D21-44D2-B86E-814B7F0E30B0}.Debug|Any CPU.Build.0 = Debug|Any CPU
		{FD51889D-4D21-44D2-B86E-814B7F0E30B0}.Debug|x64.ActiveCfg = Debug|Any CPU
		{FD51889D-4D21-44D2-B86E-814B7F0E30B0}.Debug|x64.Build.0 = Debug|Any CPU
		{FD51889D-4D21-44D2-B86E-814B7F0E30B0}.Debug|x86.ActiveCfg = Debug|Any CPU
		{FD51889D-4D21-44D2-B86E-814B7F0E30B0}.Debug|x86.Build.0 = Debug|Any CPU
		{FD51889D-4D21-44D2-B86E-814B7F0E30B0}.Release|Any CPU.ActiveCfg = Release|Any CPU
		{FD51889D-4D21-44D2-B86E-814B7F0E30B0}.Release|Any CPU.Build.0 = Release|Any CPU
		{FD51889D-4D21-44D2-B86E-814B7F0E30B0}.Release|x64.ActiveCfg = Release|Any CPU
		{FD51889D-4D21-44D2-B86E-814B7F0E30B0}.Release|x64.Build.0 = Release|Any CPU
		{FD51889D-4D21-44D2-B86E-814B7F0E30B0}.Release|x86.ActiveCfg = Release|Any CPU
		{FD51889D-4D21-44D2-B86E-814B7F0E30B0}.Release|x86.Build.0 = Release|Any CPU
		{97D75F0A-6C17-4E40-A914-3B1921CB49C7}.Debug|Any CPU.ActiveCfg = Debug|Any CPU
		{97D75F0A-6C17-4E40-A914-3B1921CB49C7}.Debug|Any CPU.Build.0 = Debug|Any CPU
		{97D75F0A-6C17-4E40-A914-3B1921CB49C7}.Debug|x64.ActiveCfg = Debug|Any CPU
		{97D75F0A-6C17-4E40-A914-3B1921CB49C7}.Debug|x64.Build.0 = Debug|Any CPU
		{97D75F0A-6C17-4E40-A914-3B1921CB49C7}.Debug|x86.ActiveCfg = Debug|Any CPU
		{97D75F0A-6C17-4E40-A914-3B1921CB49C7}.Debug|x86.Build.0 = Debug|Any CPU
		{97D75F0A-6C17-4E40-A914-3B1921CB49C7}.Release|Any CPU.ActiveCfg = Release|Any CPU
		{97D75F0A-6C17-4E40-A914-3B1921CB49C7}.Release|Any CPU.Build.0 = Release|Any CPU
		{97D75F0A-6C17-4E40-A914-3B1921CB49C7}.Release|x64.ActiveCfg = Release|Any CPU
		{97D75F0A-6C17-4E40-A914-3B1921CB49C7}.Release|x64.Build.0 = Release|Any CPU
		{97D75F0A-6C17-4E40-A914-3B1921CB49C7}.Release|x86.ActiveCfg = Release|Any CPU
		{97D75F0A-6C17-4E40-A914-3B1921CB49C7}.Release|x86.Build.0 = Release|Any CPU
		{6E06E77F-D81C-4FF1-A933-156CE4B06C14}.Debug|Any CPU.ActiveCfg = Debug|Any CPU
		{6E06E77F-D81C-4FF1-A933-156CE4B06C14}.Debug|Any CPU.Build.0 = Debug|Any CPU
		{6E06E77F-D81C-4FF1-A933-156CE4B06C14}.Debug|x64.ActiveCfg = Debug|Any CPU
		{6E06E77F-D81C-4FF1-A933-156CE4B06C14}.Debug|x64.Build.0 = Debug|Any CPU
		{6E06E77F-D81C-4FF1-A933-156CE4B06C14}.Debug|x86.ActiveCfg = Debug|Any CPU
		{6E06E77F-D81C-4FF1-A933-156CE4B06C14}.Debug|x86.Build.0 = Debug|Any CPU
		{6E06E77F-D81C-4FF1-A933-156CE4B06C14}.Release|Any CPU.ActiveCfg = Release|Any CPU
		{6E06E77F-D81C-4FF1-A933-156CE4B06C14}.Release|Any CPU.Build.0 = Release|Any CPU
		{6E06E77F-D81C-4FF1-A933-156CE4B06C14}.Release|x64.ActiveCfg = Release|Any CPU
		{6E06E77F-D81C-4FF1-A933-156CE4B06C14}.Release|x64.Build.0 = Release|Any CPU
		{6E06E77F-D81C-4FF1-A933-156CE4B06C14}.Release|x86.ActiveCfg = Release|Any CPU
		{6E06E77F-D81C-4FF1-A933-156CE4B06C14}.Release|x86.Build.0 = Release|Any CPU
	EndGlobalSection
EndGlobal
